<?xml version="1.0" encoding="utf-8"?>
<Project ToolsVersion="4.0" xmlns="http://schemas.microsoft.com/developer/msbuild/2003">
  <ItemGroup>
    <Filter Include="Source Files">
      <UniqueIdentifier>{4FC737F1-C7A5-4376-A066-2A32D752A2FF}</UniqueIdentifier>
      <Extensions>cpp;c;cc;cxx;def;odl;idl;hpj;bat;asm;asmx</Extensions>
    </Filter>
    <Filter Include="Header Files">
      <UniqueIdentifier>{93995380-89BD-4b04-88EB-625FBE52EBFB}</UniqueIdentifier>
      <Extensions>h;hpp;hxx;hm;inl;inc;xsd</Extensions>
    </Filter>
    <Filter Include="Resource Files">
      <UniqueIdentifier>{67DA6AB6-F800-4c08-8B7A-83BB121AAD01}</UniqueIdentifier>
      <Extensions>rc;ico;cur;bmp;dlg;rc2;rct;bin;rgs;gif;jpg;jpeg;jpe;resx;tiff;tif;png;wav</Extensions>
    </Filter>
  </ItemGroup>
  <ItemGroup>
    <ClCompile Include="ColorManager.cpp">
      <Filter>Source Files</Filter>
    </ClCompile>
    <ClCompile Include="configure.cpp">
      <Filter>Source Files</Filter>
    </ClCompile>
    <ClCompile Include="CoordinateTransformer.cpp">
      <Filter>Source Files</Filter>
    </ClCompile>
    <ClCompile Include="DataBaseLayerDataSource.cpp">
      <Filter>Source Files</Filter>
    </ClCompile>
    <ClCompile Include="DoublePoint.cpp">
      <Filter>Source Files</Filter>
    </ClCompile>
    <ClCompile Include="DoubleRect.cpp">
      <Filter>Source Files</Filter>
    </ClCompile>
    <ClCompile Include="fmap.cpp">
      <Filter>Source Files</Filter>
    </ClCompile>
    <ClCompile Include="FMapDraw.cpp">
      <Filter>Source Files</Filter>
    </ClCompile>
    <ClCompile Include="fmaprequest.cpp">
      <Filter>Source Files</Filter>
    </ClCompile>
    <ClCompile Include="FMapRequestManager.cpp">
      <Filter>Source Files</Filter>
    </ClCompile>
    <ClCompile Include="FormatPaintTool.cpp">
      <Filter>Source Files</Filter>
    </ClCompile>
    <ClCompile Include="ImageTransformer.cpp">
      <Filter>Source Files</Filter>
    </ClCompile>
    <ClCompile Include="LabelManager.cpp">
      <Filter>Source Files</Filter>
    </ClCompile>
    <ClCompile Include="LayerDataSource.cpp">
      <Filter>Source Files</Filter>
    </ClCompile>
    <ClCompile Include="LayersManager.cpp">
      <Filter>Source Files</Filter>
    </ClCompile>
    <ClCompile Include="LineLayer.cpp">
      <Filter>Source Files</Filter>
    </ClCompile>
    <ClCompile Include="LineShape.cpp">
      <Filter>Source Files</Filter>
    </ClCompile>
    <ClCompile Include="mapbits.cpp">
      <Filter>Source Files</Filter>
    </ClCompile>
    <ClCompile Include="MapCanvas.cpp">
      <Filter>Source Files</Filter>
    </ClCompile>
    <ClCompile Include="maptree.cpp">
      <Filter>Source Files</Filter>
    </ClCompile>
    <ClCompile Include="MapUtility.cpp">
      <Filter>Source Files</Filter>
    </ClCompile>
    <ClCompile Include="MapView.cpp">
      <Filter>Source Files</Filter>
    </ClCompile>
    <ClCompile Include="Placehoder.cpp">
      <Filter>Source Files</Filter>
    </ClCompile>
    <ClCompile Include="PointLayer.cpp">
      <Filter>Source Files</Filter>
    </ClCompile>
    <ClCompile Include="PointShape.cpp">
      <Filter>Source Files</Filter>
    </ClCompile>
    <ClCompile Include="PolygonLayer.cpp">
      <Filter>Source Files</Filter>
    </ClCompile>
    <ClCompile Include="PolygonShape.cpp">
      <Filter>Source Files</Filter>
    </ClCompile>
    <ClCompile Include="QixShapeFileLayerDataSource.cpp">
      <Filter>Source Files</Filter>
    </ClCompile>
    <ClCompile Include="ShapeLayer.cpp">
      <Filter>Source Files</Filter>
    </ClCompile>
    <ClCompile Include="ShapeObject.cpp">
      <Filter>Source Files</Filter>
    </ClCompile>
    <ClCompile Include="shaperecords.cpp">
      <Filter>Source Files</Filter>
    </ClCompile>
    <ClCompile Include="stdafx.cpp">
      <Filter>Source Files</Filter>
    </ClCompile>
    <ClCompile Include="StringLayerDataSource.cpp">
      <Filter>Source Files</Filter>
    </ClCompile>
    <ClCompile Include="Utility\Transformer.cpp">
      <Filter>Source Files</Filter>
    </ClCompile>
    <ClCompile Include="TransInfoManager.cpp">
      <Filter>Source Files</Filter>
    </ClCompile>
    <ClCompile Include="two_convert.cpp">
      <Filter>Source Files</Filter>
    </ClCompile>
    <ClCompile Include="Utility\Utility.cpp">
      <Filter>Source Files</Filter>
    </ClCompile>
    <ClCompile Include="WKTManager.cpp">
      <Filter>Source Files</Filter>
    </ClCompile>
  </ItemGroup>
  <ItemGroup>
    <ClInclude Include="ColorManager.h">
      <Filter>Header Files</Filter>
    </ClInclude>
    <ClInclude Include="configure.h">
      <Filter>Header Files</Filter>
    </ClInclude>
    <ClInclude Include="CoordinateTransformer.h">
      <Filter>Header Files</Filter>
    </ClInclude>
    <ClInclude Include="DataBaseLayerDataSource.h">
      <Filter>Header Files</Filter>
    </ClInclude>
    <ClInclude Include="DoublePoint.h">
      <Filter>Header Files</Filter>
    </ClInclude>
    <ClInclude Include="DoubleRect.h">
      <Filter>Header Files</Filter>
    </ClInclude>
    <ClInclude Include="fmap.h">
      <Filter>Header Files</Filter>
    </ClInclude>
    <ClInclude Include="FMapDraw.h">
      <Filter>Header Files</Filter>
    </ClInclude>
    <ClInclude Include="FMapRequest.h">
      <Filter>Header Files</Filter>
    </ClInclude>
    <ClInclude Include="FMapRequestManager.h">
      <Filter>Header Files</Filter>
    </ClInclude>
    <ClInclude Include="FormatPaintTool.h">
      <Filter>Header Files</Filter>
    </ClInclude>
    <ClInclude Include="ImageTransformer.h">
      <Filter>Header Files</Filter>
    </ClInclude>
    <ClInclude Include="LabelManager.h">
      <Filter>Header Files</Filter>
    </ClInclude>
    <ClInclude Include="LayerDataSource.h">
      <Filter>Header Files</Filter>
    </ClInclude>
    <ClInclude Include="LayersManager.h">
      <Filter>Header Files</Filter>
    </ClInclude>
    <ClInclude Include="LineLayer.h">
      <Filter>Header Files</Filter>
    </ClInclude>
    <ClInclude Include="LineShape.h">
      <Filter>Header Files</Filter>
    </ClInclude>
    <ClInclude Include="MapCanvas.h">
      <Filter>Header Files</Filter>
    </ClInclude>
    <ClInclude Include="maptree.h">
      <Filter>Header Files</Filter>
    </ClInclude>
    <ClInclude Include="MapUtility.h">
      <Filter>Header Files</Filter>
    </ClInclude>
    <ClInclude Include="MapView.h">
      <Filter>Header Files</Filter>
    </ClInclude>
    <ClInclude Include="Placehoder.h">
      <Filter>Header Files</Filter>
    </ClInclude>
    <ClInclude Include="PointLayer.h">
      <Filter>Header Files</Filter>
    </ClInclude>
    <ClInclude Include="PointShape.h">
      <Filter>Header Files</Filter>
    </ClInclude>
    <ClInclude Include="PolygonLayer.h">
      <Filter>Header Files</Filter>
    </ClInclude>
    <ClInclude Include="PolygonShape.h">
      <Filter>Header Files</Filter>
    </ClInclude>
    <ClInclude Include="QixShapeFileLayerDataSource.h">
      <Filter>Header Files</Filter>
    </ClInclude>
    <ClInclude Include="Resource.h">
      <Filter>Header Files</Filter>
    </ClInclude>
    <ClInclude Include="resource1.h">
      <Filter>Header Files</Filter>
    </ClInclude>
    <ClInclude Include="shapefil.h">
      <Filter>Header Files</Filter>
    </ClInclude>
    <ClInclude Include="ShapeLayer.h">
      <Filter>Header Files</Filter>
    </ClInclude>
    <ClInclude Include="ShapeObject.h">
      <Filter>Header Files</Filter>
    </ClInclude>
    <ClInclude Include="shaperecords.h">
      <Filter>Header Files</Filter>
    </ClInclude>
    <ClInclude Include="stdafx.h">
      <Filter>Header Files</Filter>
    </ClInclude>
    <ClInclude Include="StringLayerDataSource.h">
      <Filter>Header Files</Filter>
    </ClInclude>
    <ClInclude Include="Utility\Transformer.h">
      <Filter>Header Files</Filter>
    </ClInclude>
    <ClInclude Include="TransInfoManager.h">
      <Filter>Header Files</Filter>
    </ClInclude>
    <ClInclude Include="two_convert.h">
      <Filter>Header Files</Filter>
    </ClInclude>
    <ClInclude Include="Utility\Utility.h">
      <Filter>Header Files</Filter>
    </ClInclude>
    <ClInclude Include="atlrx.h">
      <Filter>Header Files</Filter>
    </ClInclude>
    <ClInclude Include="StringProcess.h">
      <Filter>Header Files</Filter>
    </ClInclude>
    <ClInclude Include="RegExp.h">
      <Filter>Header Files</Filter>
    </ClInclude>
    <ClInclude Include="WinHttpClient.h">
      <Filter>Header Files</Filter>
    </ClInclude>
    <ClInclude Include="WKTManager.h">
      <Filter>Header Files</Filter>
    </ClInclude>
  </ItemGroup>
  <ItemGroup>
    <ResourceCompile Include="nfmap.rc">
      <Filter>Resource Files</Filter>
    </ResourceCompile>
  </ItemGroup>
  <ItemGroup>
    <None Include="ReadMe.txt" />
  </ItemGroup>
</Project>